
Microsoft Visual Studio Solution File, Format Version 12.00
# Visual Studio 15
VisualStudioVersion = 15.0.27130.2036
MinimumVisualStudioVersion = 10.0.40219.1
Project("{888888A0-9F3D-457C-B088-3A5042F75D52}") = "FuzzyLogicParser", "FuzzyLogicParser\FuzzyLogicParser.pyproj", "{C33339B3-3A27-43B5-AE76-84A870C32BE3}"
EndProject
Global
	GlobalSection(SolutionConfigurationPlatforms) = preSolution
		Debug|Any CPU = Debug|Any CPU
		Release|Any CPU = Release|Any CPU
	EndGlobalSection
	GlobalSection(ProjectConfigurationPlatforms) = postSolution
		{C33339B3-3A27-43B5-AE76-84A870C32BE3}.Debug|Any CPU.ActiveCfg = Debug|Any CPU
		{C33339B3-3A27-43B5-AE76-84A870C32BE3}.Release|Any CPU.ActiveCfg = Release|Any CPU
	EndGlobalSection
	GlobalSection(SolutionProperties) = preSolution
		HideSolutionNode = FALSE
	EndGlobalSection
	GlobalSection(ExtensibilityGlobals) = postSolution
		SolutionGuid = {2BE4C8A9-C1AA-4BAD-B8A6-AF5FE4C2285D}
	EndGlobalSection
EndGlobal
